
Microsoft Visual Studio Solution File, Format Version 12.00
# Visual Studio Version 16
VisualStudioVersion = 16.0.29911.84
MinimumVisualStudioVersion = 10.0.40219.1
Project("{FAE04EC0-301F-11D3-BF4B-00C04F79EFBC}") = "MyPersonlicheNotes", "MyPersonlicheNotes\MyPersonlicheNotes.csproj", "{D95D37C3-91EF-4596-B835-0B54547BE73F}"
EndProject
Global
	GlobalSection(SolutionConfigurationPlatforms) = preSolution
		Debug|Any CPU = Debug|Any CPU
		Release|Any CPU = Release|Any CPU
	EndGlobalSection
	GlobalSection(ProjectConfigurationPlatforms) = postSolution
		{D95D37C3-91EF-4596-B835-0B54547BE73F}.Debug|Any CPU.ActiveCfg = Debug|Any CPU
		{D95D37C3-91EF-4596-B835-0B54547BE73F}.Debug|Any CPU.Build.0 = Debug|Any CPU
		{D95D37C3-91EF-4596-B835-0B54547BE73F}.Release|Any CPU.ActiveCfg = Release|Any CPU
		{D95D37C3-91EF-4596-B835-0B54547BE73F}.Release|Any CPU.Build.0 = Release|Any CPU
	EndGlobalSection
	GlobalSection(SolutionProperties) = preSolution
		HideSolutionNode = FALSE
	EndGlobalSection
	GlobalSection(ExtensibilityGlobals) = postSolution
		SolutionGuid = {9EBE6B82-CABC-44DC-966E-E9F55BF0B09F}
	EndGlobalSection
EndGlobal
